
Microsoft Visual Studio Solution File, Format Version 12.00
# Visual Studio Version 17
VisualStudioVersion = 17.2.32616.157
MinimumVisualStudioVersion = 10.0.40219.1
Project("{8BC9CEB8-8B4A-11D0-8D11-00A0C91BC942}") = "FEM", "FEM\FEM.vcxproj", "{E8369A87-0B69-4751-9F8D-94E42A357B05}"
EndProject
Project("{8BC9CEB8-8B4A-11D0-8D11-00A0C91BC942}") = "FinalProject", "FinalProject\FinalProject.vcxproj", "{58661217-3FC6-4A16-8D9C-310E803818DE}"
EndProject
Global
	GlobalSection(SolutionConfigurationPlatforms) = preSolution
		Debug|x64 = Debug|x64
		Debug|x86 = Debug|x86
		Release|x64 = Release|x64
		Release|x86 = Release|x86
	EndGlobalSection
	GlobalSection(ProjectConfigurationPlatforms) = postSolution
		{E8369A87-0B69-4751-9F8D-94E42A357B05}.Debug|x64.ActiveCfg = Debug|x64
		{E8369A87-0B69-4751-9F8D-94E42A357B05}.Debug|x64.Build.0 = Debug|x64
		{E8369A87-0B69-4751-9F8D-94E42A357B05}.Debug|x86.ActiveCfg = Debug|Win32
		{E8369A87-0B69-4751-9F8D-94E42A357B05}.Debug|x86.Build.0 = Debug|Win32
		{E8369A87-0B69-4751-9F8D-94E42A357B05}.Release|x64.ActiveCfg = Release|x64
		{E8369A87-0B69-4751-9F8D-94E42A357B05}.Release|x64.Build.0 = Release|x64
		{E8369A87-0B69-4751-9F8D-94E42A357B05}.Release|x86.ActiveCfg = Release|Win32
		{E8369A87-0B69-4751-9F8D-94E42A357B05}.Release|x86.Build.0 = Release|Win32
		{58661217-3FC6-4A16-8D9C-310E803818DE}.Debug|x64.ActiveCfg = Debug|x64
		{58661217-3FC6-4A16-8D9C-310E803818DE}.Debug|x64.Build.0 = Debug|x64
		{58661217-3FC6-4A16-8D9C-310E803818DE}.Debug|x86.ActiveCfg = Debug|Win32
		{58661217-3FC6-4A16-8D9C-310E803818DE}.Debug|x86.Build.0 = Debug|Win32
		{58661217-3FC6-4A16-8D9C-310E803818DE}.Release|x64.ActiveCfg = Release|x64
		{58661217-3FC6-4A16-8D9C-310E803818DE}.Release|x64.Build.0 = Release|x64
		{58661217-3FC6-4A16-8D9C-310E803818DE}.Release|x86.ActiveCfg = Release|Win32
		{58661217-3FC6-4A16-8D9C-310E803818DE}.Release|x86.Build.0 = Release|Win32
	EndGlobalSection
	GlobalSection(SolutionProperties) = preSolution
		HideSolutionNode = FALSE
	EndGlobalSection
	GlobalSection(ExtensibilityGlobals) = postSolution
		SolutionGuid = {530E5601-5DB6-42F1-90D9-BB83DC1D01E5}
	EndGlobalSection
EndGlobal
